
Microsoft Visual Studio Solution File, Format Version 12.00
# Visual Studio Version 17
VisualStudioVersion = 17.5.33530.505
MinimumVisualStudioVersion = 10.0.40219.1
Project("{9A19103F-16F7-4668-BE54-9A1E7A4F7556}") = "ApiDotNet.Domain", "ApiDotNet.Domain\ApiDotNet.Domain.csproj", "{001CB05C-EAFB-4D42-AA85-A0F184D80269}"
EndProject
Project("{9A19103F-16F7-4668-BE54-9A1E7A4F7556}") = "ApiDotNet.Infra.Data", "ApiDotNet.Infra.Data\ApiDotNet.Infra.Data.csproj", "{6F060D24-3503-486A-95CB-9022324C6BB9}"
EndProject
Project("{9A19103F-16F7-4668-BE54-9A1E7A4F7556}") = "ApiDotNet.Application", "ApiDotNet.Application\ApiDotNet.Application.csproj", "{8D691B99-AE20-48D5-9A65-3BB628F01B33}"
EndProject
Project("{9A19103F-16F7-4668-BE54-9A1E7A4F7556}") = "ApiDotNet.Infra.IoC", "ApiDotNet.Infra.IoC\ApiDotNet.Infra.IoC.csproj", "{B0436A31-155A-4C25-9A6D-D0D75A156D09}"
EndProject
Project("{9A19103F-16F7-4668-BE54-9A1E7A4F7556}") = "ApiDotNet.Api", "ApiDotNet.Api\ApiDotNet.Api.csproj", "{34CE21F4-B27D-439A-AD64-9C57CD778A3F}"
EndProject
Project("{FAE04EC0-301F-11D3-BF4B-00C04F79EFBC}") = "ApiDotNet.UnitTest", "ApiDotNet.UnitTest\ApiDotNet.UnitTest.csproj", "{91215608-F510-4AC5-8797-0C947827D10D}"
EndProject
Global
	GlobalSection(SolutionConfigurationPlatforms) = preSolution
		Debug|Any CPU = Debug|Any CPU
		Release|Any CPU = Release|Any CPU
	EndGlobalSection
	GlobalSection(ProjectConfigurationPlatforms) = postSolution
		{001CB05C-EAFB-4D42-AA85-A0F184D80269}.Debug|Any CPU.ActiveCfg = Debug|Any CPU
		{001CB05C-EAFB-4D42-AA85-A0F184D80269}.Debug|Any CPU.Build.0 = Debug|Any CPU
		{001CB05C-EAFB-4D42-AA85-A0F184D80269}.Release|Any CPU.ActiveCfg = Release|Any CPU
		{001CB05C-EAFB-4D42-AA85-A0F184D80269}.Release|Any CPU.Build.0 = Release|Any CPU
		{6F060D24-3503-486A-95CB-9022324C6BB9}.Debug|Any CPU.ActiveCfg = Debug|Any CPU
		{6F060D24-3503-486A-95CB-9022324C6BB9}.Debug|Any CPU.Build.0 = Debug|Any CPU
		{6F060D24-3503-486A-95CB-9022324C6BB9}.Release|Any CPU.ActiveCfg = Release|Any CPU
		{6F060D24-3503-486A-95CB-9022324C6BB9}.Release|Any CPU.Build.0 = Release|Any CPU
		{8D691B99-AE20-48D5-9A65-3BB628F01B33}.Debug|Any CPU.ActiveCfg = Debug|Any CPU
		{8D691B99-AE20-48D5-9A65-3BB628F01B33}.Debug|Any CPU.Build.0 = Debug|Any CPU
		{8D691B99-AE20-48D5-9A65-3BB628F01B33}.Release|Any CPU.ActiveCfg = Release|Any CPU
		{8D691B99-AE20-48D5-9A65-3BB628F01B33}.Release|Any CPU.Build.0 = Release|Any CPU
		{B0436A31-155A-4C25-9A6D-D0D75A156D09}.Debug|Any CPU.ActiveCfg = Debug|Any CPU
		{B0436A31-155A-4C25-9A6D-D0D75A156D09}.Debug|Any CPU.Build.0 = Debug|Any CPU
		{B0436A31-155A-4C25-9A6D-D0D75A156D09}.Release|Any CPU.ActiveCfg = Release|Any CPU
		{B0436A31-155A-4C25-9A6D-D0D75A156D09}.Release|Any CPU.Build.0 = Release|Any CPU
		{34CE21F4-B27D-439A-AD64-9C57CD778A3F}.Debug|Any CPU.ActiveCfg = Debug|Any CPU
		{34CE21F4-B27D-439A-AD64-9C57CD778A3F}.Debug|Any CPU.Build.0 = Debug|Any CPU
		{34CE21F4-B27D-439A-AD64-9C57CD778A3F}.Release|Any CPU.ActiveCfg = Release|Any CPU
		{34CE21F4-B27D-439A-AD64-9C57CD778A3F}.Release|Any CPU.Build.0 = Release|Any CPU
		{91215608-F510-4AC5-8797-0C947827D10D}.Debug|Any CPU.ActiveCfg = Debug|Any CPU
		{91215608-F510-4AC5-8797-0C947827D10D}.Debug|Any CPU.Build.0 = Debug|Any CPU
		{91215608-F510-4AC5-8797-0C947827D10D}.Release|Any CPU.ActiveCfg = Release|Any CPU
		{91215608-F510-4AC5-8797-0C947827D10D}.Release|Any CPU.Build.0 = Release|Any CPU
	EndGlobalSection
	GlobalSection(SolutionProperties) = preSolution
		HideSolutionNode = FALSE
	EndGlobalSection
	GlobalSection(ExtensibilityGlobals) = postSolution
		SolutionGuid = {A23D7E36-B3A4-414B-BE60-B0D2395591C9}
	EndGlobalSection
EndGlobal
